
Microsoft Visual Studio Solution File, Format Version 11.00
# Visual Studio 2010
Project("{8BC9CEB8-8B4A-11D0-8D11-00A0C91BC942}") = "NtlNetwork", "Server\NtlNetwork\NtlNetwork.vcxproj", "{5CDC731A-4C57-4D49-A72A-911BA19C3C14}"
EndProject
Project("{8BC9CEB8-8B4A-11D0-8D11-00A0C91BC942}") = "NtlSfx", "Server\NtlSfx\NtlSfx.vcxproj", "{F038F0B5-67C7-4DA4-8E3C-C45AB1E4B352}"
EndProject
Project("{8BC9CEB8-8B4A-11D0-8D11-00A0C91BC942}") = "NtlSystem", "Server\NtlSystem\NtlSystem.vcxproj", "{6D76C448-B419-424F-AD6A-04041B1C2315}"
EndProject
Project("{8BC9CEB8-8B4A-11D0-8D11-00A0C91BC942}") = "NtlThread", "Server\NtlThread\NtlThread.vcxproj", "{04B8D510-B763-45D7-B13C-531BA7DCC3F4}"
EndProject
Project("{8BC9CEB8-8B4A-11D0-8D11-00A0C91BC942}") = "AuthServer", "Server\AuthServer\AuthServer.vcxproj", "{6E8EE378-A6D4-4E42-B3FD-64F5C0CF924C}"
EndProject
Project("{8BC9CEB8-8B4A-11D0-8D11-00A0C91BC942}") = "Shared", "Shared\Shared.vcxproj", "{CA20DF85-070A-417D-BCD3-9374D4A69F5E}"
EndProject
Project("{8BC9CEB8-8B4A-11D0-8D11-00A0C91BC942}") = "CharServer", "Server\CharServer\CharServer.vcxproj", "{B1E9738E-DA2E-4F88-ADF5-D3B1FC7B28D5}"
EndProject
Project("{8BC9CEB8-8B4A-11D0-8D11-00A0C91BC942}") = "BaseLib", "Server\BaseLib\BaseLib.vcxproj", "{B9897B4B-FDDD-4EE5-A186-47A2C48806CC}"
EndProject
Project("{8BC9CEB8-8B4A-11D0-8D11-00A0C91BC942}") = "NtlDatabase", "Server\NtlDatabase\NtlDatabase.vcxproj", "{A07A2581-DAA7-49DC-ACAD-FBEDEBF7345F}"
EndProject
Project("{8BC9CEB8-8B4A-11D0-8D11-00A0C91BC942}") = "GameServer", "Server\GameServer\GameServer.vcxproj", "{1A199D98-9276-4827-BC18-53065B2FFEEB}"
EndProject
Project("{8BC9CEB8-8B4A-11D0-8D11-00A0C91BC942}") = "GsLib", "Server\GsLib\GsLib.vcxproj", "{371B0FA6-D3C6-4DD1-AA1D-EE72731986F6}"
EndProject
Project("{8BC9CEB8-8B4A-11D0-8D11-00A0C91BC942}") = "NtlGameTable", "Server\NtlGameTable\NtlGameTable.vcxproj", "{9A4DC8E8-16EF-463B-8F14-77F447A782CC}"
EndProject
Project("{8BC9CEB8-8B4A-11D0-8D11-00A0C91BC942}") = "Util", "Shared\Util\Util.vcxproj", "{5229F8AE-A505-4077-B6D3-5CE0164DFE73}"
EndProject
Project("{8BC9CEB8-8B4A-11D0-8D11-00A0C91BC942}") = "ChatServer", "Server\ChatServer\ChatServer.vcxproj", "{7752DF80-46EF-4F55-81CE-2A77867F5DA5}"
EndProject
Global
	GlobalSection(SolutionConfigurationPlatforms) = preSolution
		Debug|Win32 = Debug|Win32
		Debug|x64 = Debug|x64
		Debug4ClientLocalizeCJIKor|Win32 = Debug4ClientLocalizeCJIKor|Win32
		Debug4ClientLocalizeCJIKor|x64 = Debug4ClientLocalizeCJIKor|x64
		Debug4ClientLocalizeDev|Win32 = Debug4ClientLocalizeDev|Win32
		Debug4ClientLocalizeDev|x64 = Debug4ClientLocalizeDev|x64
		FinalDebug|Win32 = FinalDebug|Win32
		FinalDebug|x64 = FinalDebug|x64
		FinalRelease|Win32 = FinalRelease|Win32
		FinalRelease|x64 = FinalRelease|x64
		Release|Win32 = Release|Win32
		Release|x64 = Release|x64
		Release4Client|Win32 = Release4Client|Win32
		Release4Client|x64 = Release4Client|x64
		Release4ClientLocalizeCJIKor|Win32 = Release4ClientLocalizeCJIKor|Win32
		Release4ClientLocalizeCJIKor|x64 = Release4ClientLocalizeCJIKor|x64
		Release4ClientLocalizeDev|Win32 = Release4ClientLocalizeDev|Win32
		Release4ClientLocalizeDev|x64 = Release4ClientLocalizeDev|x64
	EndGlobalSection
	GlobalSection(ProjectConfigurationPlatforms) = postSolution
		{5CDC731A-4C57-4D49-A72A-911BA19C3C14}.Debug|Win32.ActiveCfg = Debug|Win32
		{5CDC731A-4C57-4D49-A72A-911BA19C3C14}.Debug|Win32.Build.0 = Debug|Win32
		{5CDC731A-4C57-4D49-A72A-911BA19C3C14}.Debug|x64.ActiveCfg = Debug|x64
		{5CDC731A-4C57-4D49-A72A-911BA19C3C14}.Debug|x64.Build.0 = Debug|x64
		{5CDC731A-4C57-4D49-A72A-911BA19C3C14}.Debug4ClientLocalizeCJIKor|Win32.ActiveCfg = Debug|x64
		{5CDC731A-4C57-4D49-A72A-911BA19C3C14}.Debug4ClientLocalizeCJIKor|x64.ActiveCfg = Debug|x64
		{5CDC731A-4C57-4D49-A72A-911BA19C3C14}.Debug4ClientLocalizeCJIKor|x64.Build.0 = Debug|x64
		{5CDC731A-4C57-4D49-A72A-911BA19C3C14}.Debug4ClientLocalizeDev|Win32.ActiveCfg = Debug|x64
		{5CDC731A-4C57-4D49-A72A-911BA19C3C14}.Debug4ClientLocalizeDev|x64.ActiveCfg = Debug|x64
		{5CDC731A-4C57-4D49-A72A-911BA19C3C14}.Debug4ClientLocalizeDev|x64.Build.0 = Debug|x64
		{5CDC731A-4C57-4D49-A72A-911BA19C3C14}.FinalDebug|Win32.ActiveCfg = FinalDebug|Win32
		{5CDC731A-4C57-4D49-A72A-911BA19C3C14}.FinalDebug|Win32.Build.0 = FinalDebug|Win32
		{5CDC731A-4C57-4D49-A72A-911BA19C3C14}.FinalDebug|x64.ActiveCfg = FinalDebug|x64
		{5CDC731A-4C57-4D49-A72A-911BA19C3C14}.FinalDebug|x64.Build.0 = FinalDebug|x64
		{5CDC731A-4C57-4D49-A72A-911BA19C3C14}.FinalRelease|Win32.ActiveCfg = Release|Win32
		{5CDC731A-4C57-4D49-A72A-911BA19C3C14}.FinalRelease|Win32.Build.0 = Release|Win32
		{5CDC731A-4C57-4D49-A72A-911BA19C3C14}.FinalRelease|x64.ActiveCfg = Release|x64
		{5CDC731A-4C57-4D49-A72A-911BA19C3C14}.FinalRelease|x64.Build.0 = Release|x64
		{5CDC731A-4C57-4D49-A72A-911BA19C3C14}.Release|Win32.ActiveCfg = Release|Win32
		{5CDC731A-4C57-4D49-A72A-911BA19C3C14}.Release|Win32.Build.0 = Release|Win32
		{5CDC731A-4C57-4D49-A72A-911BA19C3C14}.Release|x64.ActiveCfg = Release|x64
		{5CDC731A-4C57-4D49-A72A-911BA19C3C14}.Release|x64.Build.0 = Release|x64
		{5CDC731A-4C57-4D49-A72A-911BA19C3C14}.Release4Client|Win32.ActiveCfg = Release|x64
		{5CDC731A-4C57-4D49-A72A-911BA19C3C14}.Release4Client|x64.ActiveCfg = Release|x64
		{5CDC731A-4C57-4D49-A72A-911BA19C3C14}.Release4Client|x64.Build.0 = Release|x64
		{5CDC731A-4C57-4D49-A72A-911BA19C3C14}.Release4ClientLocalizeCJIKor|Win32.ActiveCfg = Release|x64
		{5CDC731A-4C57-4D49-A72A-911BA19C3C14}.Release4ClientLocalizeCJIKor|x64.ActiveCfg = Release|x64
		{5CDC731A-4C57-4D49-A72A-911BA19C3C14}.Release4ClientLocalizeCJIKor|x64.Build.0 = Release|x64
		{5CDC731A-4C57-4D49-A72A-911BA19C3C14}.Release4ClientLocalizeDev|Win32.ActiveCfg = Release|x64
		{5CDC731A-4C57-4D49-A72A-911BA19C3C14}.Release4ClientLocalizeDev|x64.ActiveCfg = Release|x64
		{5CDC731A-4C57-4D49-A72A-911BA19C3C14}.Release4ClientLocalizeDev|x64.Build.0 = Release|x64
		{F038F0B5-67C7-4DA4-8E3C-C45AB1E4B352}.Debug|Win32.ActiveCfg = Debug|Win32
		{F038F0B5-67C7-4DA4-8E3C-C45AB1E4B352}.Debug|Win32.Build.0 = Debug|Win32
		{F038F0B5-67C7-4DA4-8E3C-C45AB1E4B352}.Debug|x64.ActiveCfg = Debug|x64
		{F038F0B5-67C7-4DA4-8E3C-C45AB1E4B352}.Debug|x64.Build.0 = Debug|x64
		{F038F0B5-67C7-4DA4-8E3C-C45AB1E4B352}.Debug4ClientLocalizeCJIKor|Win32.ActiveCfg = Debug|x64
		{F038F0B5-67C7-4DA4-8E3C-C45AB1E4B352}.Debug4ClientLocalizeCJIKor|x64.ActiveCfg = Debug|x64
		{F038F0B5-67C7-4DA4-8E3C-C45AB1E4B352}.Debug4ClientLocalizeCJIKor|x64.Build.0 = Debug|x64
		{F038F0B5-67C7-4DA4-8E3C-C45AB1E4B352}.Debug4ClientLocalizeDev|Win32.ActiveCfg = Debug|x64
		{F038F0B5-67C7-4DA4-8E3C-C45AB1E4B352}.Debug4ClientLocalizeDev|x64.ActiveCfg = Debug|x64
		{F038F0B5-67C7-4DA4-8E3C-C45AB1E4B352}.Debug4ClientLocalizeDev|x64.Build.0 = Debug|x64
		{F038F0B5-67C7-4DA4-8E3C-C45AB1E4B352}.FinalDebug|Win32.ActiveCfg = FinalDebug|Win32
		{F038F0B5-67C7-4DA4-8E3C-C45AB1E4B352}.FinalDebug|Win32.Build.0 = FinalDebug|Win32
		{F038F0B5-67C7-4DA4-8E3C-C45AB1E4B352}.FinalDebug|x64.ActiveCfg = FinalDebug|x64
		{F038F0B5-67C7-4DA4-8E3C-C45AB1E4B352}.FinalDebug|x64.Build.0 = FinalDebug|x64
		{F038F0B5-67C7-4DA4-8E3C-C45AB1E4B352}.FinalRelease|Win32.ActiveCfg = Release|Win32
		{F038F0B5-67C7-4DA4-8E3C-C45AB1E4B352}.FinalRelease|Win32.Build.0 = Release|Win32
		{F038F0B5-67C7-4DA4-8E3C-C45AB1E4B352}.FinalRelease|x64.ActiveCfg = Release|x64
		{F038F0B5-67C7-4DA4-8E3C-C45AB1E4B352}.FinalRelease|x64.Build.0 = Release|x64
		{F038F0B5-67C7-4DA4-8E3C-C45AB1E4B352}.Release|Win32.ActiveCfg = Release|Win32
		{F038F0B5-67C7-4DA4-8E3C-C45AB1E4B352}.Release|Win32.Build.0 = Release|Win32
		{F038F0B5-67C7-4DA4-8E3C-C45AB1E4B352}.Release|x64.ActiveCfg = Release|x64
		{F038F0B5-67C7-4DA4-8E3C-C45AB1E4B352}.Release|x64.Build.0 = Release|x64
		{F038F0B5-67C7-4DA4-8E3C-C45AB1E4B352}.Release4Client|Win32.ActiveCfg = Release|x64
		{F038F0B5-67C7-4DA4-8E3C-C45AB1E4B352}.Release4Client|x64.ActiveCfg = Release|x64
		{F038F0B5-67C7-4DA4-8E3C-C45AB1E4B352}.Release4Client|x64.Build.0 = Release|x64
		{F038F0B5-67C7-4DA4-8E3C-C45AB1E4B352}.Release4ClientLocalizeCJIKor|Win32.ActiveCfg = Release|x64
		{F038F0B5-67C7-4DA4-8E3C-C45AB1E4B352}.Release4ClientLocalizeCJIKor|x64.ActiveCfg = Release|x64
		{F038F0B5-67C7-4DA4-8E3C-C45AB1E4B352}.Release4ClientLocalizeCJIKor|x64.Build.0 = Release|x64
		{F038F0B5-67C7-4DA4-8E3C-C45AB1E4B352}.Release4ClientLocalizeDev|Win32.ActiveCfg = Release|x64
		{F038F0B5-67C7-4DA4-8E3C-C45AB1E4B352}.Release4ClientLocalizeDev|x64.ActiveCfg = Release|x64
		{F038F0B5-67C7-4DA4-8E3C-C45AB1E4B352}.Release4ClientLocalizeDev|x64.Build.0 = Release|x64
		{6D76C448-B419-424F-AD6A-04041B1C2315}.Debug|Win32.ActiveCfg = Debug|Win32
		{6D76C448-B419-424F-AD6A-04041B1C2315}.Debug|Win32.Build.0 = Debug|Win32
		{6D76C448-B419-424F-AD6A-04041B1C2315}.Debug|x64.ActiveCfg = Debug|x64
		{6D76C448-B419-424F-AD6A-04041B1C2315}.Debug|x64.Build.0 = Debug|x64
		{6D76C448-B419-424F-AD6A-04041B1C2315}.Debug4ClientLocalizeCJIKor|Win32.ActiveCfg = Debug|x64
		{6D76C448-B419-424F-AD6A-04041B1C2315}.Debug4ClientLocalizeCJIKor|x64.ActiveCfg = Debug|x64
		{6D76C448-B419-424F-AD6A-04041B1C2315}.Debug4ClientLocalizeCJIKor|x64.Build.0 = Debug|x64
		{6D76C448-B419-424F-AD6A-04041B1C2315}.Debug4ClientLocalizeDev|Win32.ActiveCfg = Debug|x64
		{6D76C448-B419-424F-AD6A-04041B1C2315}.Debug4ClientLocalizeDev|x64.ActiveCfg = Debug|x64
		{6D76C448-B419-424F-AD6A-04041B1C2315}.Debug4ClientLocalizeDev|x64.Build.0 = Debug|x64
		{6D76C448-B419-424F-AD6A-04041B1C2315}.FinalDebug|Win32.ActiveCfg = FinalDebug|Win32
		{6D76C448-B419-424F-AD6A-04041B1C2315}.FinalDebug|Win32.Build.0 = FinalDebug|Win32
		{6D76C448-B419-424F-AD6A-04041B1C2315}.FinalDebug|x64.ActiveCfg = FinalDebug|x64
		{6D76C448-B419-424F-AD6A-04041B1C2315}.FinalDebug|x64.Build.0 = FinalDebug|x64
		{6D76C448-B419-424F-AD6A-04041B1C2315}.FinalRelease|Win32.ActiveCfg = Release|Win32
		{6D76C448-B419-424F-AD6A-04041B1C2315}.FinalRelease|Win32.Build.0 = Release|Win32
		{6D76C448-B419-424F-AD6A-04041B1C2315}.FinalRelease|x64.ActiveCfg = Release|x64
		{6D76C448-B419-424F-AD6A-04041B1C2315}.FinalRelease|x64.Build.0 = Release|x64
		{6D76C448-B419-424F-AD6A-04041B1C2315}.Release|Win32.ActiveCfg = Release|Win32
		{6D76C448-B419-424F-AD6A-04041B1C2315}.Release|Win32.Build.0 = Release|Win32
		{6D76C448-B419-424F-AD6A-04041B1C2315}.Release|x64.ActiveCfg = Release|x64
		{6D76C448-B419-424F-AD6A-04041B1C2315}.Release|x64.Build.0 = Release|x64
		{6D76C448-B419-424F-AD6A-04041B1C2315}.Release4Client|Win32.ActiveCfg = Release|x64
		{6D76C448-B419-424F-AD6A-04041B1C2315}.Release4Client|x64.ActiveCfg = Release|x64
		{6D76C448-B419-424F-AD6A-04041B1C2315}.Release4Client|x64.Build.0 = Release|x64
		{6D76C448-B419-424F-AD6A-04041B1C2315}.Release4ClientLocalizeCJIKor|Win32.ActiveCfg = Release|x64
		{6D76C448-B419-424F-AD6A-04041B1C2315}.Release4ClientLocalizeCJIKor|x64.ActiveCfg = Release|x64
		{6D76C448-B419-424F-AD6A-04041B1C2315}.Release4ClientLocalizeCJIKor|x64.Build.0 = Release|x64
		{6D76C448-B419-424F-AD6A-04041B1C2315}.Release4ClientLocalizeDev|Win32.ActiveCfg = Release|x64
		{6D76C448-B419-424F-AD6A-04041B1C2315}.Release4ClientLocalizeDev|x64.ActiveCfg = Release|x64
		{6D76C448-B419-424F-AD6A-04041B1C2315}.Release4ClientLocalizeDev|x64.Build.0 = Release|x64
		{04B8D510-B763-45D7-B13C-531BA7DCC3F4}.Debug|Win32.ActiveCfg = Debug|Win32
		{04B8D510-B763-45D7-B13C-531BA7DCC3F4}.Debug|Win32.Build.0 = Debug|Win32
		{04B8D510-B763-45D7-B13C-531BA7DCC3F4}.Debug|x64.ActiveCfg = Debug|x64
		{04B8D510-B763-45D7-B13C-531BA7DCC3F4}.Debug|x64.Build.0 = Debug|x64
		{04B8D510-B763-45D7-B13C-531BA7DCC3F4}.Debug4ClientLocalizeCJIKor|Win32.ActiveCfg = Debug|x64
		{04B8D510-B763-45D7-B13C-531BA7DCC3F4}.Debug4ClientLocalizeCJIKor|x64.ActiveCfg = Debug|x64
		{04B8D510-B763-45D7-B13C-531BA7DCC3F4}.Debug4ClientLocalizeCJIKor|x64.Build.0 = Debug|x64
		{04B8D510-B763-45D7-B13C-531BA7DCC3F4}.Debug4ClientLocalizeDev|Win32.ActiveCfg = Debug|x64
		{04B8D510-B763-45D7-B13C-531BA7DCC3F4}.Debug4ClientLocalizeDev|x64.ActiveCfg = Debug|x64
		{04B8D510-B763-45D7-B13C-531BA7DCC3F4}.Debug4ClientLocalizeDev|x64.Build.0 = Debug|x64
		{04B8D510-B763-45D7-B13C-531BA7DCC3F4}.FinalDebug|Win32.ActiveCfg = FinalDebug|Win32
		{04B8D510-B763-45D7-B13C-531BA7DCC3F4}.FinalDebug|Win32.Build.0 = FinalDebug|Win32
		{04B8D510-B763-45D7-B13C-531BA7DCC3F4}.FinalDebug|x64.ActiveCfg = FinalDebug|x64
		{04B8D510-B763-45D7-B13C-531BA7DCC3F4}.FinalDebug|x64.Build.0 = FinalDebug|x64
		{04B8D510-B763-45D7-B13C-531BA7DCC3F4}.FinalRelease|Win32.ActiveCfg = Release|Win32
		{04B8D510-B763-45D7-B13C-531BA7DCC3F4}.FinalRelease|Win32.Build.0 = Release|Win32
		{04B8D510-B763-45D7-B13C-531BA7DCC3F4}.FinalRelease|x64.ActiveCfg = Release|x64
		{04B8D510-B763-45D7-B13C-531BA7DCC3F4}.FinalRelease|x64.Build.0 = Release|x64
		{04B8D510-B763-45D7-B13C-531BA7DCC3F4}.Release|Win32.ActiveCfg = Release|Win32
		{04B8D510-B763-45D7-B13C-531BA7DCC3F4}.Release|Win32.Build.0 = Release|Win32
		{04B8D510-B763-45D7-B13C-531BA7DCC3F4}.Release|x64.ActiveCfg = Release|x64
		{04B8D510-B763-45D7-B13C-531BA7DCC3F4}.Release|x64.Build.0 = Release|x64
		{04B8D510-B763-45D7-B13C-531BA7DCC3F4}.Release4Client|Win32.ActiveCfg = Release|x64
		{04B8D510-B763-45D7-B13C-531BA7DCC3F4}.Release4Client|x64.ActiveCfg = Release|x64
		{04B8D510-B763-45D7-B13C-531BA7DCC3F4}.Release4Client|x64.Build.0 = Release|x64
		{04B8D510-B763-45D7-B13C-531BA7DCC3F4}.Release4ClientLocalizeCJIKor|Win32.ActiveCfg = Release|x64
		{04B8D510-B763-45D7-B13C-531BA7DCC3F4}.Release4ClientLocalizeCJIKor|x64.ActiveCfg = Release|x64
		{04B8D510-B763-45D7-B13C-531BA7DCC3F4}.Release4ClientLocalizeCJIKor|x64.Build.0 = Release|x64
		{04B8D510-B763-45D7-B13C-531BA7DCC3F4}.Release4ClientLocalizeDev|Win32.ActiveCfg = Release|x64
		{04B8D510-B763-45D7-B13C-531BA7DCC3F4}.Release4ClientLocalizeDev|x64.ActiveCfg = Release|x64
		{04B8D510-B763-45D7-B13C-531BA7DCC3F4}.Release4ClientLocalizeDev|x64.Build.0 = Release|x64
		{6E8EE378-A6D4-4E42-B3FD-64F5C0CF924C}.Debug|Win32.ActiveCfg = Debug|Win32
		{6E8EE378-A6D4-4E42-B3FD-64F5C0CF924C}.Debug|Win32.Build.0 = Debug|Win32
		{6E8EE378-A6D4-4E42-B3FD-64F5C0CF924C}.Debug|x64.ActiveCfg = Debug|x64
		{6E8EE378-A6D4-4E42-B3FD-64F5C0CF924C}.Debug|x64.Build.0 = Debug|x64
		{6E8EE378-A6D4-4E42-B3FD-64F5C0CF924C}.Debug4ClientLocalizeCJIKor|Win32.ActiveCfg = Debug|x64
		{6E8EE378-A6D4-4E42-B3FD-64F5C0CF924C}.Debug4ClientLocalizeCJIKor|x64.ActiveCfg = Debug|x64
		{6E8EE378-A6D4-4E42-B3FD-64F5C0CF924C}.Debug4ClientLocalizeCJIKor|x64.Build.0 = Debug|x64
		{6E8EE378-A6D4-4E42-B3FD-64F5C0CF924C}.Debug4ClientLocalizeDev|Win32.ActiveCfg = Debug|x64
		{6E8EE378-A6D4-4E42-B3FD-64F5C0CF924C}.Debug4ClientLocalizeDev|x64.ActiveCfg = Debug|x64
		{6E8EE378-A6D4-4E42-B3FD-64F5C0CF924C}.Debug4ClientLocalizeDev|x64.Build.0 = Debug|x64
		{6E8EE378-A6D4-4E42-B3FD-64F5C0CF924C}.FinalDebug|Win32.ActiveCfg = Debug|Win32
		{6E8EE378-A6D4-4E42-B3FD-64F5C0CF924C}.FinalDebug|Win32.Build.0 = Debug|Win32
		{6E8EE378-A6D4-4E42-B3FD-64F5C0CF924C}.FinalDebug|x64.ActiveCfg = Debug|x64
		{6E8EE378-A6D4-4E42-B3FD-64F5C0CF924C}.FinalDebug|x64.Build.0 = Debug|x64
		{6E8EE378-A6D4-4E42-B3FD-64F5C0CF924C}.FinalRelease|Win32.ActiveCfg = Release|Win32
		{6E8EE378-A6D4-4E42-B3FD-64F5C0CF924C}.FinalRelease|Win32.Build.0 = Release|Win32
		{6E8EE378-A6D4-4E42-B3FD-64F5C0CF924C}.FinalRelease|x64.ActiveCfg = Release|x64
		{6E8EE378-A6D4-4E42-B3FD-64F5C0CF924C}.FinalRelease|x64.Build.0 = Release|x64
		{6E8EE378-A6D4-4E42-B3FD-64F5C0CF924C}.Release|Win32.ActiveCfg = Release|Win32
		{6E8EE378-A6D4-4E42-B3FD-64F5C0CF924C}.Release|Win32.Build.0 = Release|Win32
		{6E8EE378-A6D4-4E42-B3FD-64F5C0CF924C}.Release|x64.ActiveCfg = Release|x64
		{6E8EE378-A6D4-4E42-B3FD-64F5C0CF924C}.Release|x64.Build.0 = Release|x64
		{6E8EE378-A6D4-4E42-B3FD-64F5C0CF924C}.Release4Client|Win32.ActiveCfg = Release|x64
		{6E8EE378-A6D4-4E42-B3FD-64F5C0CF924C}.Release4Client|x64.ActiveCfg = Release|x64
		{6E8EE378-A6D4-4E42-B3FD-64F5C0CF924C}.Release4Client|x64.Build.0 = Release|x64
		{6E8EE378-A6D4-4E42-B3FD-64F5C0CF924C}.Release4ClientLocalizeCJIKor|Win32.ActiveCfg = Release|x64
		{6E8EE378-A6D4-4E42-B3FD-64F5C0CF924C}.Release4ClientLocalizeCJIKor|x64.ActiveCfg = Release|x64
		{6E8EE378-A6D4-4E42-B3FD-64F5C0CF924C}.Release4ClientLocalizeCJIKor|x64.Build.0 = Release|x64
		{6E8EE378-A6D4-4E42-B3FD-64F5C0CF924C}.Release4ClientLocalizeDev|Win32.ActiveCfg = Release|x64
		{6E8EE378-A6D4-4E42-B3FD-64F5C0CF924C}.Release4ClientLocalizeDev|x64.ActiveCfg = Release|x64
		{6E8EE378-A6D4-4E42-B3FD-64F5C0CF924C}.Release4ClientLocalizeDev|x64.Build.0 = Release|x64
		{CA20DF85-070A-417D-BCD3-9374D4A69F5E}.Debug|Win32.ActiveCfg = Debug|Win32
		{CA20DF85-070A-417D-BCD3-9374D4A69F5E}.Debug|Win32.Build.0 = Debug|Win32
		{CA20DF85-070A-417D-BCD3-9374D4A69F5E}.Debug|x64.ActiveCfg = Debug|x64
		{CA20DF85-070A-417D-BCD3-9374D4A69F5E}.Debug|x64.Build.0 = Debug|x64
		{CA20DF85-070A-417D-BCD3-9374D4A69F5E}.Debug4ClientLocalizeCJIKor|Win32.ActiveCfg = Debug|x64
		{CA20DF85-070A-417D-BCD3-9374D4A69F5E}.Debug4ClientLocalizeCJIKor|x64.ActiveCfg = Debug|x64
		{CA20DF85-070A-417D-BCD3-9374D4A69F5E}.Debug4ClientLocalizeCJIKor|x64.Build.0 = Debug|x64
		{CA20DF85-070A-417D-BCD3-9374D4A69F5E}.Debug4ClientLocalizeDev|Win32.ActiveCfg = Debug|x64
		{CA20DF85-070A-417D-BCD3-9374D4A69F5E}.Debug4ClientLocalizeDev|x64.ActiveCfg = Debug|x64
		{CA20DF85-070A-417D-BCD3-9374D4A69F5E}.Debug4ClientLocalizeDev|x64.Build.0 = Debug|x64
		{CA20DF85-070A-417D-BCD3-9374D4A69F5E}.FinalDebug|Win32.ActiveCfg = Debug|Win32
		{CA20DF85-070A-417D-BCD3-9374D4A69F5E}.FinalDebug|Win32.Build.0 = Debug|Win32
		{CA20DF85-070A-417D-BCD3-9374D4A69F5E}.FinalDebug|x64.ActiveCfg = Debug|x64
		{CA20DF85-070A-417D-BCD3-9374D4A69F5E}.FinalDebug|x64.Build.0 = Debug|x64
		{CA20DF85-070A-417D-BCD3-9374D4A69F5E}.FinalRelease|Win32.ActiveCfg = Release|Win32
		{CA20DF85-070A-417D-BCD3-9374D4A69F5E}.FinalRelease|Win32.Build.0 = Release|Win32
		{CA20DF85-070A-417D-BCD3-9374D4A69F5E}.FinalRelease|x64.ActiveCfg = Release|x64
		{CA20DF85-070A-417D-BCD3-9374D4A69F5E}.FinalRelease|x64.Build.0 = Release|x64
		{CA20DF85-070A-417D-BCD3-9374D4A69F5E}.Release|Win32.ActiveCfg = Release|Win32
		{CA20DF85-070A-417D-BCD3-9374D4A69F5E}.Release|Win32.Build.0 = Release|Win32
		{CA20DF85-070A-417D-BCD3-9374D4A69F5E}.Release|x64.ActiveCfg = Release|x64
		{CA20DF85-070A-417D-BCD3-9374D4A69F5E}.Release|x64.Build.0 = Release|x64
		{CA20DF85-070A-417D-BCD3-9374D4A69F5E}.Release4Client|Win32.ActiveCfg = Release|x64
		{CA20DF85-070A-417D-BCD3-9374D4A69F5E}.Release4Client|x64.ActiveCfg = Release|x64
		{CA20DF85-070A-417D-BCD3-9374D4A69F5E}.Release4Client|x64.Build.0 = Release|x64
		{CA20DF85-070A-417D-BCD3-9374D4A69F5E}.Release4ClientLocalizeCJIKor|Win32.ActiveCfg = Release|x64
		{CA20DF85-070A-417D-BCD3-9374D4A69F5E}.Release4ClientLocalizeCJIKor|x64.ActiveCfg = Release|x64
		{CA20DF85-070A-417D-BCD3-9374D4A69F5E}.Release4ClientLocalizeCJIKor|x64.Build.0 = Release|x64
		{CA20DF85-070A-417D-BCD3-9374D4A69F5E}.Release4ClientLocalizeDev|Win32.ActiveCfg = Release|x64
		{CA20DF85-070A-417D-BCD3-9374D4A69F5E}.Release4ClientLocalizeDev|x64.ActiveCfg = Release|x64
		{CA20DF85-070A-417D-BCD3-9374D4A69F5E}.Release4ClientLocalizeDev|x64.Build.0 = Release|x64
		{B1E9738E-DA2E-4F88-ADF5-D3B1FC7B28D5}.Debug|Win32.ActiveCfg = Debug|Win32
		{B1E9738E-DA2E-4F88-ADF5-D3B1FC7B28D5}.Debug|Win32.Build.0 = Debug|Win32
		{B1E9738E-DA2E-4F88-ADF5-D3B1FC7B28D5}.Debug|x64.ActiveCfg = Debug|x64
		{B1E9738E-DA2E-4F88-ADF5-D3B1FC7B28D5}.Debug|x64.Build.0 = Debug|x64
		{B1E9738E-DA2E-4F88-ADF5-D3B1FC7B28D5}.Debug4ClientLocalizeCJIKor|Win32.ActiveCfg = Debug|x64
		{B1E9738E-DA2E-4F88-ADF5-D3B1FC7B28D5}.Debug4ClientLocalizeCJIKor|x64.ActiveCfg = Debug|x64
		{B1E9738E-DA2E-4F88-ADF5-D3B1FC7B28D5}.Debug4ClientLocalizeCJIKor|x64.Build.0 = Debug|x64
		{B1E9738E-DA2E-4F88-ADF5-D3B1FC7B28D5}.Debug4ClientLocalizeDev|Win32.ActiveCfg = Debug|x64
		{B1E9738E-DA2E-4F88-ADF5-D3B1FC7B28D5}.Debug4ClientLocalizeDev|x64.ActiveCfg = Debug|x64
		{B1E9738E-DA2E-4F88-ADF5-D3B1FC7B28D5}.Debug4ClientLocalizeDev|x64.Build.0 = Debug|x64
		{B1E9738E-DA2E-4F88-ADF5-D3B1FC7B28D5}.FinalDebug|Win32.ActiveCfg = Debug|Win32
		{B1E9738E-DA2E-4F88-ADF5-D3B1FC7B28D5}.FinalDebug|Win32.Build.0 = Debug|Win32
		{B1E9738E-DA2E-4F88-ADF5-D3B1FC7B28D5}.FinalDebug|x64.ActiveCfg = Debug|x64
		{B1E9738E-DA2E-4F88-ADF5-D3B1FC7B28D5}.FinalDebug|x64.Build.0 = Debug|x64
		{B1E9738E-DA2E-4F88-ADF5-D3B1FC7B28D5}.FinalRelease|Win32.ActiveCfg = Release|Win32
		{B1E9738E-DA2E-4F88-ADF5-D3B1FC7B28D5}.FinalRelease|Win32.Build.0 = Release|Win32
		{B1E9738E-DA2E-4F88-ADF5-D3B1FC7B28D5}.FinalRelease|x64.ActiveCfg = Release|x64
		{B1E9738E-DA2E-4F88-ADF5-D3B1FC7B28D5}.FinalRelease|x64.Build.0 = Release|x64
		{B1E9738E-DA2E-4F88-ADF5-D3B1FC7B28D5}.Release|Win32.ActiveCfg = Release|Win32
		{B1E9738E-DA2E-4F88-ADF5-D3B1FC7B28D5}.Release|Win32.Build.0 = Release|Win32
		{B1E9738E-DA2E-4F88-ADF5-D3B1FC7B28D5}.Release|x64.ActiveCfg = Release|x64
		{B1E9738E-DA2E-4F88-ADF5-D3B1FC7B28D5}.Release|x64.Build.0 = Release|x64
		{B1E9738E-DA2E-4F88-ADF5-D3B1FC7B28D5}.Release4Client|Win32.ActiveCfg = Release|x64
		{B1E9738E-DA2E-4F88-ADF5-D3B1FC7B28D5}.Release4Client|x64.ActiveCfg = Release|x64
		{B1E9738E-DA2E-4F88-ADF5-D3B1FC7B28D5}.Release4Client|x64.Build.0 = Release|x64
		{B1E9738E-DA2E-4F88-ADF5-D3B1FC7B28D5}.Release4ClientLocalizeCJIKor|Win32.ActiveCfg = Release|x64
		{B1E9738E-DA2E-4F88-ADF5-D3B1FC7B28D5}.Release4ClientLocalizeCJIKor|x64.ActiveCfg = Release|x64
		{B1E9738E-DA2E-4F88-ADF5-D3B1FC7B28D5}.Release4ClientLocalizeCJIKor|x64.Build.0 = Release|x64
		{B1E9738E-DA2E-4F88-ADF5-D3B1FC7B28D5}.Release4ClientLocalizeDev|Win32.ActiveCfg = Release|x64
		{B1E9738E-DA2E-4F88-ADF5-D3B1FC7B28D5}.Release4ClientLocalizeDev|x64.ActiveCfg = Release|x64
		{B1E9738E-DA2E-4F88-ADF5-D3B1FC7B28D5}.Release4ClientLocalizeDev|x64.Build.0 = Release|x64
		{B9897B4B-FDDD-4EE5-A186-47A2C48806CC}.Debug|Win32.ActiveCfg = Debug|Win32
		{B9897B4B-FDDD-4EE5-A186-47A2C48806CC}.Debug|Win32.Build.0 = Debug|Win32
		{B9897B4B-FDDD-4EE5-A186-47A2C48806CC}.Debug|x64.ActiveCfg = Debug|x64
		{B9897B4B-FDDD-4EE5-A186-47A2C48806CC}.Debug|x64.Build.0 = Debug|x64
		{B9897B4B-FDDD-4EE5-A186-47A2C48806CC}.Debug4ClientLocalizeCJIKor|Win32.ActiveCfg = Debug|x64
		{B9897B4B-FDDD-4EE5-A186-47A2C48806CC}.Debug4ClientLocalizeCJIKor|x64.ActiveCfg = Debug|x64
		{B9897B4B-FDDD-4EE5-A186-47A2C48806CC}.Debug4ClientLocalizeCJIKor|x64.Build.0 = Debug|x64
		{B9897B4B-FDDD-4EE5-A186-47A2C48806CC}.Debug4ClientLocalizeDev|Win32.ActiveCfg = Debug|x64
		{B9897B4B-FDDD-4EE5-A186-47A2C48806CC}.Debug4ClientLocalizeDev|x64.ActiveCfg = Debug|x64
		{B9897B4B-FDDD-4EE5-A186-47A2C48806CC}.Debug4ClientLocalizeDev|x64.Build.0 = Debug|x64
		{B9897B4B-FDDD-4EE5-A186-47A2C48806CC}.FinalDebug|Win32.ActiveCfg = FinalDebug|Win32
		{B9897B4B-FDDD-4EE5-A186-47A2C48806CC}.FinalDebug|Win32.Build.0 = FinalDebug|Win32
		{B9897B4B-FDDD-4EE5-A186-47A2C48806CC}.FinalDebug|x64.ActiveCfg = FinalDebug|x64
		{B9897B4B-FDDD-4EE5-A186-47A2C48806CC}.FinalDebug|x64.Build.0 = FinalDebug|x64
		{B9897B4B-FDDD-4EE5-A186-47A2C48806CC}.FinalRelease|Win32.ActiveCfg = Release|Win32
		{B9897B4B-FDDD-4EE5-A186-47A2C48806CC}.FinalRelease|Win32.Build.0 = Release|Win32
		{B9897B4B-FDDD-4EE5-A186-47A2C48806CC}.FinalRelease|x64.ActiveCfg = Release|x64
		{B9897B4B-FDDD-4EE5-A186-47A2C48806CC}.FinalRelease|x64.Build.0 = Release|x64
		{B9897B4B-FDDD-4EE5-A186-47A2C48806CC}.Release|Win32.ActiveCfg = Release|Win32
		{B9897B4B-FDDD-4EE5-A186-47A2C48806CC}.Release|Win32.Build.0 = Release|Win32
		{B9897B4B-FDDD-4EE5-A186-47A2C48806CC}.Release|x64.ActiveCfg = Release|x64
		{B9897B4B-FDDD-4EE5-A186-47A2C48806CC}.Release|x64.Build.0 = Release|x64
		{B9897B4B-FDDD-4EE5-A186-47A2C48806CC}.Release4Client|Win32.ActiveCfg = Release|x64
		{B9897B4B-FDDD-4EE5-A186-47A2C48806CC}.Release4Client|x64.ActiveCfg = Release|x64
		{B9897B4B-FDDD-4EE5-A186-47A2C48806CC}.Release4Client|x64.Build.0 = Release|x64
		{B9897B4B-FDDD-4EE5-A186-47A2C48806CC}.Release4ClientLocalizeCJIKor|Win32.ActiveCfg = Release|x64
		{B9897B4B-FDDD-4EE5-A186-47A2C48806CC}.Release4ClientLocalizeCJIKor|x64.ActiveCfg = Release|x64
		{B9897B4B-FDDD-4EE5-A186-47A2C48806CC}.Release4ClientLocalizeCJIKor|x64.Build.0 = Release|x64
		{B9897B4B-FDDD-4EE5-A186-47A2C48806CC}.Release4ClientLocalizeDev|Win32.ActiveCfg = Release|x64
		{B9897B4B-FDDD-4EE5-A186-47A2C48806CC}.Release4ClientLocalizeDev|x64.ActiveCfg = Release|x64
		{B9897B4B-FDDD-4EE5-A186-47A2C48806CC}.Release4ClientLocalizeDev|x64.Build.0 = Release|x64
		{A07A2581-DAA7-49DC-ACAD-FBEDEBF7345F}.Debug|Win32.ActiveCfg = Debug|Win32
		{A07A2581-DAA7-49DC-ACAD-FBEDEBF7345F}.Debug|Win32.Build.0 = Debug|Win32
		{A07A2581-DAA7-49DC-ACAD-FBEDEBF7345F}.Debug|x64.ActiveCfg = Debug|x64
		{A07A2581-DAA7-49DC-ACAD-FBEDEBF7345F}.Debug|x64.Build.0 = Debug|x64
		{A07A2581-DAA7-49DC-ACAD-FBEDEBF7345F}.Debug4ClientLocalizeCJIKor|Win32.ActiveCfg = Debug|x64
		{A07A2581-DAA7-49DC-ACAD-FBEDEBF7345F}.Debug4ClientLocalizeCJIKor|x64.ActiveCfg = Debug|x64
		{A07A2581-DAA7-49DC-ACAD-FBEDEBF7345F}.Debug4ClientLocalizeCJIKor|x64.Build.0 = Debug|x64
		{A07A2581-DAA7-49DC-ACAD-FBEDEBF7345F}.Debug4ClientLocalizeDev|Win32.ActiveCfg = Debug|x64
		{A07A2581-DAA7-49DC-ACAD-FBEDEBF7345F}.Debug4ClientLocalizeDev|x64.ActiveCfg = Debug|x64
		{A07A2581-DAA7-49DC-ACAD-FBEDEBF7345F}.Debug4ClientLocalizeDev|x64.Build.0 = Debug|x64
		{A07A2581-DAA7-49DC-ACAD-FBEDEBF7345F}.FinalDebug|Win32.ActiveCfg = FinalDebug|Win32
		{A07A2581-DAA7-49DC-ACAD-FBEDEBF7345F}.FinalDebug|Win32.Build.0 = FinalDebug|Win32
		{A07A2581-DAA7-49DC-ACAD-FBEDEBF7345F}.FinalDebug|x64.ActiveCfg = FinalDebug|x64
		{A07A2581-DAA7-49DC-ACAD-FBEDEBF7345F}.FinalDebug|x64.Build.0 = FinalDebug|x64
		{A07A2581-DAA7-49DC-ACAD-FBEDEBF7345F}.FinalRelease|Win32.ActiveCfg = Release|Win32
		{A07A2581-DAA7-49DC-ACAD-FBEDEBF7345F}.FinalRelease|Win32.Build.0 = Release|Win32
		{A07A2581-DAA7-49DC-ACAD-FBEDEBF7345F}.FinalRelease|x64.ActiveCfg = Release|x64
		{A07A2581-DAA7-49DC-ACAD-FBEDEBF7345F}.FinalRelease|x64.Build.0 = Release|x64
		{A07A2581-DAA7-49DC-ACAD-FBEDEBF7345F}.Release|Win32.ActiveCfg = Release|Win32
		{A07A2581-DAA7-49DC-ACAD-FBEDEBF7345F}.Release|Win32.Build.0 = Release|Win32
		{A07A2581-DAA7-49DC-ACAD-FBEDEBF7345F}.Release|x64.ActiveCfg = Release|x64
		{A07A2581-DAA7-49DC-ACAD-FBEDEBF7345F}.Release|x64.Build.0 = Release|x64
		{A07A2581-DAA7-49DC-ACAD-FBEDEBF7345F}.Release4Client|Win32.ActiveCfg = Release|x64
		{A07A2581-DAA7-49DC-ACAD-FBEDEBF7345F}.Release4Client|x64.ActiveCfg = Release|x64
		{A07A2581-DAA7-49DC-ACAD-FBEDEBF7345F}.Release4Client|x64.Build.0 = Release|x64
		{A07A2581-DAA7-49DC-ACAD-FBEDEBF7345F}.Release4ClientLocalizeCJIKor|Win32.ActiveCfg = Release|x64
		{A07A2581-DAA7-49DC-ACAD-FBEDEBF7345F}.Release4ClientLocalizeCJIKor|x64.ActiveCfg = Release|x64
		{A07A2581-DAA7-49DC-ACAD-FBEDEBF7345F}.Release4ClientLocalizeCJIKor|x64.Build.0 = Release|x64
		{A07A2581-DAA7-49DC-ACAD-FBEDEBF7345F}.Release4ClientLocalizeDev|Win32.ActiveCfg = Release|x64
		{A07A2581-DAA7-49DC-ACAD-FBEDEBF7345F}.Release4ClientLocalizeDev|x64.ActiveCfg = Release|x64
		{A07A2581-DAA7-49DC-ACAD-FBEDEBF7345F}.Release4ClientLocalizeDev|x64.Build.0 = Release|x64
		{1A199D98-9276-4827-BC18-53065B2FFEEB}.Debug|Win32.ActiveCfg = Debug|Win32
		{1A199D98-9276-4827-BC18-53065B2FFEEB}.Debug|Win32.Build.0 = Debug|Win32
		{1A199D98-9276-4827-BC18-53065B2FFEEB}.Debug|x64.ActiveCfg = Debug|x64
		{1A199D98-9276-4827-BC18-53065B2FFEEB}.Debug|x64.Build.0 = Debug|x64
		{1A199D98-9276-4827-BC18-53065B2FFEEB}.Debug4ClientLocalizeCJIKor|Win32.ActiveCfg = Debug|x64
		{1A199D98-9276-4827-BC18-53065B2FFEEB}.Debug4ClientLocalizeCJIKor|x64.ActiveCfg = Debug|x64
		{1A199D98-9276-4827-BC18-53065B2FFEEB}.Debug4ClientLocalizeCJIKor|x64.Build.0 = Debug|x64
		{1A199D98-9276-4827-BC18-53065B2FFEEB}.Debug4ClientLocalizeDev|Win32.ActiveCfg = Debug|x64
		{1A199D98-9276-4827-BC18-53065B2FFEEB}.Debug4ClientLocalizeDev|x64.ActiveCfg = Debug|x64
		{1A199D98-9276-4827-BC18-53065B2FFEEB}.Debug4ClientLocalizeDev|x64.Build.0 = Debug|x64
		{1A199D98-9276-4827-BC18-53065B2FFEEB}.FinalDebug|Win32.ActiveCfg = Debug|Win32
		{1A199D98-9276-4827-BC18-53065B2FFEEB}.FinalDebug|Win32.Build.0 = Debug|Win32
		{1A199D98-9276-4827-BC18-53065B2FFEEB}.FinalDebug|x64.ActiveCfg = Debug|x64
		{1A199D98-9276-4827-BC18-53065B2FFEEB}.FinalDebug|x64.Build.0 = Debug|x64
		{1A199D98-9276-4827-BC18-53065B2FFEEB}.FinalRelease|Win32.ActiveCfg = Release|Win32
		{1A199D98-9276-4827-BC18-53065B2FFEEB}.FinalRelease|Win32.Build.0 = Release|Win32
		{1A199D98-9276-4827-BC18-53065B2FFEEB}.FinalRelease|x64.ActiveCfg = Release|x64
		{1A199D98-9276-4827-BC18-53065B2FFEEB}.FinalRelease|x64.Build.0 = Release|x64
		{1A199D98-9276-4827-BC18-53065B2FFEEB}.Release|Win32.ActiveCfg = Release|Win32
		{1A199D98-9276-4827-BC18-53065B2FFEEB}.Release|Win32.Build.0 = Release|Win32
		{1A199D98-9276-4827-BC18-53065B2FFEEB}.Release|x64.ActiveCfg = Release|x64
		{1A199D98-9276-4827-BC18-53065B2FFEEB}.Release|x64.Build.0 = Release|x64
		{1A199D98-9276-4827-BC18-53065B2FFEEB}.Release4Client|Win32.ActiveCfg = Release|x64
		{1A199D98-9276-4827-BC18-53065B2FFEEB}.Release4Client|x64.ActiveCfg = Release|x64
		{1A199D98-9276-4827-BC18-53065B2FFEEB}.Release4Client|x64.Build.0 = Release|x64
		{1A199D98-9276-4827-BC18-53065B2FFEEB}.Release4ClientLocalizeCJIKor|Win32.ActiveCfg = Release|x64
		{1A199D98-9276-4827-BC18-53065B2FFEEB}.Release4ClientLocalizeCJIKor|x64.ActiveCfg = Release|x64
		{1A199D98-9276-4827-BC18-53065B2FFEEB}.Release4ClientLocalizeCJIKor|x64.Build.0 = Release|x64
		{1A199D98-9276-4827-BC18-53065B2FFEEB}.Release4ClientLocalizeDev|Win32.ActiveCfg = Release|x64
		{1A199D98-9276-4827-BC18-53065B2FFEEB}.Release4ClientLocalizeDev|x64.ActiveCfg = Release|x64
		{1A199D98-9276-4827-BC18-53065B2FFEEB}.Release4ClientLocalizeDev|x64.Build.0 = Release|x64
		{371B0FA6-D3C6-4DD1-AA1D-EE72731986F6}.Debug|Win32.ActiveCfg = Debug|Win32
		{371B0FA6-D3C6-4DD1-AA1D-EE72731986F6}.Debug|Win32.Build.0 = Debug|Win32
		{371B0FA6-D3C6-4DD1-AA1D-EE72731986F6}.Debug|x64.ActiveCfg = Debug|x64
		{371B0FA6-D3C6-4DD1-AA1D-EE72731986F6}.Debug|x64.Build.0 = Debug|x64
		{371B0FA6-D3C6-4DD1-AA1D-EE72731986F6}.Debug4ClientLocalizeCJIKor|Win32.ActiveCfg = Debug|x64
		{371B0FA6-D3C6-4DD1-AA1D-EE72731986F6}.Debug4ClientLocalizeCJIKor|x64.ActiveCfg = Debug|x64
		{371B0FA6-D3C6-4DD1-AA1D-EE72731986F6}.Debug4ClientLocalizeCJIKor|x64.Build.0 = Debug|x64
		{371B0FA6-D3C6-4DD1-AA1D-EE72731986F6}.Debug4ClientLocalizeDev|Win32.ActiveCfg = Debug|x64
		{371B0FA6-D3C6-4DD1-AA1D-EE72731986F6}.Debug4ClientLocalizeDev|x64.ActiveCfg = Debug|x64
		{371B0FA6-D3C6-4DD1-AA1D-EE72731986F6}.Debug4ClientLocalizeDev|x64.Build.0 = Debug|x64
		{371B0FA6-D3C6-4DD1-AA1D-EE72731986F6}.FinalDebug|Win32.ActiveCfg = FinalDebug|Win32
		{371B0FA6-D3C6-4DD1-AA1D-EE72731986F6}.FinalDebug|Win32.Build.0 = FinalDebug|Win32
		{371B0FA6-D3C6-4DD1-AA1D-EE72731986F6}.FinalDebug|x64.ActiveCfg = FinalDebug|x64
		{371B0FA6-D3C6-4DD1-AA1D-EE72731986F6}.FinalDebug|x64.Build.0 = FinalDebug|x64
		{371B0FA6-D3C6-4DD1-AA1D-EE72731986F6}.FinalRelease|Win32.ActiveCfg = Release|Win32
		{371B0FA6-D3C6-4DD1-AA1D-EE72731986F6}.FinalRelease|Win32.Build.0 = Release|Win32
		{371B0FA6-D3C6-4DD1-AA1D-EE72731986F6}.FinalRelease|x64.ActiveCfg = Release|x64
		{371B0FA6-D3C6-4DD1-AA1D-EE72731986F6}.FinalRelease|x64.Build.0 = Release|x64
		{371B0FA6-D3C6-4DD1-AA1D-EE72731986F6}.Release|Win32.ActiveCfg = Release|Win32
		{371B0FA6-D3C6-4DD1-AA1D-EE72731986F6}.Release|Win32.Build.0 = Release|Win32
		{371B0FA6-D3C6-4DD1-AA1D-EE72731986F6}.Release|x64.ActiveCfg = Release|x64
		{371B0FA6-D3C6-4DD1-AA1D-EE72731986F6}.Release|x64.Build.0 = Release|x64
		{371B0FA6-D3C6-4DD1-AA1D-EE72731986F6}.Release4Client|Win32.ActiveCfg = Release|x64
		{371B0FA6-D3C6-4DD1-AA1D-EE72731986F6}.Release4Client|x64.ActiveCfg = Release|x64
		{371B0FA6-D3C6-4DD1-AA1D-EE72731986F6}.Release4Client|x64.Build.0 = Release|x64
		{371B0FA6-D3C6-4DD1-AA1D-EE72731986F6}.Release4ClientLocalizeCJIKor|Win32.ActiveCfg = Release|x64
		{371B0FA6-D3C6-4DD1-AA1D-EE72731986F6}.Release4ClientLocalizeCJIKor|x64.ActiveCfg = Release|x64
		{371B0FA6-D3C6-4DD1-AA1D-EE72731986F6}.Release4ClientLocalizeCJIKor|x64.Build.0 = Release|x64
		{371B0FA6-D3C6-4DD1-AA1D-EE72731986F6}.Release4ClientLocalizeDev|Win32.ActiveCfg = Release|x64
		{371B0FA6-D3C6-4DD1-AA1D-EE72731986F6}.Release4ClientLocalizeDev|x64.ActiveCfg = Release|x64
		{371B0FA6-D3C6-4DD1-AA1D-EE72731986F6}.Release4ClientLocalizeDev|x64.Build.0 = Release|x64
		{9A4DC8E8-16EF-463B-8F14-77F447A782CC}.Debug|Win32.ActiveCfg = Debug|Win32
		{9A4DC8E8-16EF-463B-8F14-77F447A782CC}.Debug|Win32.Build.0 = Debug|Win32
		{9A4DC8E8-16EF-463B-8F14-77F447A782CC}.Debug|x64.ActiveCfg = Debug|x64
		{9A4DC8E8-16EF-463B-8F14-77F447A782CC}.Debug|x64.Build.0 = Debug|x64
		{9A4DC8E8-16EF-463B-8F14-77F447A782CC}.Debug4ClientLocalizeCJIKor|Win32.ActiveCfg = Debug4ClientLocalizeCJIKor|Win32
		{9A4DC8E8-16EF-463B-8F14-77F447A782CC}.Debug4ClientLocalizeCJIKor|Win32.Build.0 = Debug4ClientLocalizeCJIKor|Win32
		{9A4DC8E8-16EF-463B-8F14-77F447A782CC}.Debug4ClientLocalizeCJIKor|x64.ActiveCfg = Debug4ClientLocalizeCJIKor|x64
		{9A4DC8E8-16EF-463B-8F14-77F447A782CC}.Debug4ClientLocalizeCJIKor|x64.Build.0 = Debug4ClientLocalizeCJIKor|x64
		{9A4DC8E8-16EF-463B-8F14-77F447A782CC}.Debug4ClientLocalizeDev|Win32.ActiveCfg = Debug4ClientLocalizeDev|Win32
		{9A4DC8E8-16EF-463B-8F14-77F447A782CC}.Debug4ClientLocalizeDev|Win32.Build.0 = Debug4ClientLocalizeDev|Win32
		{9A4DC8E8-16EF-463B-8F14-77F447A782CC}.Debug4ClientLocalizeDev|x64.ActiveCfg = Debug4ClientLocalizeDev|x64
		{9A4DC8E8-16EF-463B-8F14-77F447A782CC}.Debug4ClientLocalizeDev|x64.Build.0 = Debug4ClientLocalizeDev|x64
		{9A4DC8E8-16EF-463B-8F14-77F447A782CC}.FinalDebug|Win32.ActiveCfg = Debug|Win32
		{9A4DC8E8-16EF-463B-8F14-77F447A782CC}.FinalDebug|Win32.Build.0 = Debug|Win32
		{9A4DC8E8-16EF-463B-8F14-77F447A782CC}.FinalDebug|x64.ActiveCfg = Debug|x64
		{9A4DC8E8-16EF-463B-8F14-77F447A782CC}.FinalDebug|x64.Build.0 = Debug|x64
		{9A4DC8E8-16EF-463B-8F14-77F447A782CC}.FinalRelease|Win32.ActiveCfg = Release|Win32
		{9A4DC8E8-16EF-463B-8F14-77F447A782CC}.FinalRelease|Win32.Build.0 = Release|Win32
		{9A4DC8E8-16EF-463B-8F14-77F447A782CC}.FinalRelease|x64.ActiveCfg = Release|x64
		{9A4DC8E8-16EF-463B-8F14-77F447A782CC}.FinalRelease|x64.Build.0 = Release|x64
		{9A4DC8E8-16EF-463B-8F14-77F447A782CC}.Release|Win32.ActiveCfg = Release|Win32
		{9A4DC8E8-16EF-463B-8F14-77F447A782CC}.Release|Win32.Build.0 = Release|Win32
		{9A4DC8E8-16EF-463B-8F14-77F447A782CC}.Release|x64.ActiveCfg = Release|x64
		{9A4DC8E8-16EF-463B-8F14-77F447A782CC}.Release|x64.Build.0 = Release|x64
		{9A4DC8E8-16EF-463B-8F14-77F447A782CC}.Release4Client|Win32.ActiveCfg = Release4Client|Win32
		{9A4DC8E8-16EF-463B-8F14-77F447A782CC}.Release4Client|Win32.Build.0 = Release4Client|Win32
		{9A4DC8E8-16EF-463B-8F14-77F447A782CC}.Release4Client|x64.ActiveCfg = Release4Client|x64
		{9A4DC8E8-16EF-463B-8F14-77F447A782CC}.Release4Client|x64.Build.0 = Release4Client|x64
		{9A4DC8E8-16EF-463B-8F14-77F447A782CC}.Release4ClientLocalizeCJIKor|Win32.ActiveCfg = Release4ClientLocalizeCJIKor|Win32
		{9A4DC8E8-16EF-463B-8F14-77F447A782CC}.Release4ClientLocalizeCJIKor|Win32.Build.0 = Release4ClientLocalizeCJIKor|Win32
		{9A4DC8E8-16EF-463B-8F14-77F447A782CC}.Release4ClientLocalizeCJIKor|x64.ActiveCfg = Release4ClientLocalizeCJIKor|x64
		{9A4DC8E8-16EF-463B-8F14-77F447A782CC}.Release4ClientLocalizeCJIKor|x64.Build.0 = Release4ClientLocalizeCJIKor|x64
		{9A4DC8E8-16EF-463B-8F14-77F447A782CC}.Release4ClientLocalizeDev|Win32.ActiveCfg = Release4ClientLocalizeDev|Win32
		{9A4DC8E8-16EF-463B-8F14-77F447A782CC}.Release4ClientLocalizeDev|Win32.Build.0 = Release4ClientLocalizeDev|Win32
		{9A4DC8E8-16EF-463B-8F14-77F447A782CC}.Release4ClientLocalizeDev|x64.ActiveCfg = Release4ClientLocalizeDev|x64
		{9A4DC8E8-16EF-463B-8F14-77F447A782CC}.Release4ClientLocalizeDev|x64.Build.0 = Release4ClientLocalizeDev|x64
		{5229F8AE-A505-4077-B6D3-5CE0164DFE73}.Debug|Win32.ActiveCfg = Debug|Win32
		{5229F8AE-A505-4077-B6D3-5CE0164DFE73}.Debug|Win32.Build.0 = Debug|Win32
		{5229F8AE-A505-4077-B6D3-5CE0164DFE73}.Debug|x64.ActiveCfg = Debug|x64
		{5229F8AE-A505-4077-B6D3-5CE0164DFE73}.Debug|x64.Build.0 = Debug|x64
		{5229F8AE-A505-4077-B6D3-5CE0164DFE73}.Debug4ClientLocalizeCJIKor|Win32.ActiveCfg = Debug4ClientLocalizeCJIKor|Win32
		{5229F8AE-A505-4077-B6D3-5CE0164DFE73}.Debug4ClientLocalizeCJIKor|Win32.Build.0 = Debug4ClientLocalizeCJIKor|Win32
		{5229F8AE-A505-4077-B6D3-5CE0164DFE73}.Debug4ClientLocalizeCJIKor|x64.ActiveCfg = Debug4ClientLocalizeCJIKor|x64
		{5229F8AE-A505-4077-B6D3-5CE0164DFE73}.Debug4ClientLocalizeCJIKor|x64.Build.0 = Debug4ClientLocalizeCJIKor|x64
		{5229F8AE-A505-4077-B6D3-5CE0164DFE73}.Debug4ClientLocalizeDev|Win32.ActiveCfg = Debug4ClientLocalizeDev|Win32
		{5229F8AE-A505-4077-B6D3-5CE0164DFE73}.Debug4ClientLocalizeDev|Win32.Build.0 = Debug4ClientLocalizeDev|Win32
		{5229F8AE-A505-4077-B6D3-5CE0164DFE73}.Debug4ClientLocalizeDev|x64.ActiveCfg = Debug4ClientLocalizeDev|x64
		{5229F8AE-A505-4077-B6D3-5CE0164DFE73}.Debug4ClientLocalizeDev|x64.Build.0 = Debug4ClientLocalizeDev|x64
		{5229F8AE-A505-4077-B6D3-5CE0164DFE73}.FinalDebug|Win32.ActiveCfg = FinalDebug|Win32
		{5229F8AE-A505-4077-B6D3-5CE0164DFE73}.FinalDebug|Win32.Build.0 = FinalDebug|Win32
		{5229F8AE-A505-4077-B6D3-5CE0164DFE73}.FinalDebug|x64.ActiveCfg = FinalDebug|x64
		{5229F8AE-A505-4077-B6D3-5CE0164DFE73}.FinalDebug|x64.Build.0 = FinalDebug|x64
		{5229F8AE-A505-4077-B6D3-5CE0164DFE73}.FinalRelease|Win32.ActiveCfg = FinalRelease|Win32
		{5229F8AE-A505-4077-B6D3-5CE0164DFE73}.FinalRelease|Win32.Build.0 = FinalRelease|Win32
		{5229F8AE-A505-4077-B6D3-5CE0164DFE73}.FinalRelease|x64.ActiveCfg = FinalRelease|x64
		{5229F8AE-A505-4077-B6D3-5CE0164DFE73}.FinalRelease|x64.Build.0 = FinalRelease|x64
		{5229F8AE-A505-4077-B6D3-5CE0164DFE73}.Release|Win32.ActiveCfg = Release|Win32
		{5229F8AE-A505-4077-B6D3-5CE0164DFE73}.Release|Win32.Build.0 = Release|Win32
		{5229F8AE-A505-4077-B6D3-5CE0164DFE73}.Release|x64.ActiveCfg = Release|x64
		{5229F8AE-A505-4077-B6D3-5CE0164DFE73}.Release|x64.Build.0 = Release|x64
		{5229F8AE-A505-4077-B6D3-5CE0164DFE73}.Release4Client|Win32.ActiveCfg = Release4Client|Win32
		{5229F8AE-A505-4077-B6D3-5CE0164DFE73}.Release4Client|Win32.Build.0 = Release4Client|Win32
		{5229F8AE-A505-4077-B6D3-5CE0164DFE73}.Release4Client|x64.ActiveCfg = Release4Client|x64
		{5229F8AE-A505-4077-B6D3-5CE0164DFE73}.Release4Client|x64.Build.0 = Release4Client|x64
		{5229F8AE-A505-4077-B6D3-5CE0164DFE73}.Release4ClientLocalizeCJIKor|Win32.ActiveCfg = Release4ClientLocalizeCJIKor|Win32
		{5229F8AE-A505-4077-B6D3-5CE0164DFE73}.Release4ClientLocalizeCJIKor|Win32.Build.0 = Release4ClientLocalizeCJIKor|Win32
		{5229F8AE-A505-4077-B6D3-5CE0164DFE73}.Release4ClientLocalizeCJIKor|x64.ActiveCfg = Release4ClientLocalizeCJIKor|x64
		{5229F8AE-A505-4077-B6D3-5CE0164DFE73}.Release4ClientLocalizeCJIKor|x64.Build.0 = Release4ClientLocalizeCJIKor|x64
		{5229F8AE-A505-4077-B6D3-5CE0164DFE73}.Release4ClientLocalizeDev|Win32.ActiveCfg = Release4ClientLocalizeDev|Win32
		{5229F8AE-A505-4077-B6D3-5CE0164DFE73}.Release4ClientLocalizeDev|Win32.Build.0 = Release4ClientLocalizeDev|Win32
		{5229F8AE-A505-4077-B6D3-5CE0164DFE73}.Release4ClientLocalizeDev|x64.ActiveCfg = Release4ClientLocalizeDev|x64
		{5229F8AE-A505-4077-B6D3-5CE0164DFE73}.Release4ClientLocalizeDev|x64.Build.0 = Release4ClientLocalizeDev|x64
		{7752DF80-46EF-4F55-81CE-2A77867F5DA5}.Debug|Win32.ActiveCfg = Debug|Win32
		{7752DF80-46EF-4F55-81CE-2A77867F5DA5}.Debug|Win32.Build.0 = Debug|Win32
		{7752DF80-46EF-4F55-81CE-2A77867F5DA5}.Debug|x64.ActiveCfg = Debug|x64
		{7752DF80-46EF-4F55-81CE-2A77867F5DA5}.Debug|x64.Build.0 = Debug|x64
		{7752DF80-46EF-4F55-81CE-2A77867F5DA5}.Debug4ClientLocalizeCJIKor|Win32.ActiveCfg = Debug|x64
		{7752DF80-46EF-4F55-81CE-2A77867F5DA5}.Debug4ClientLocalizeCJIKor|x64.ActiveCfg = Debug|x64
		{7752DF80-46EF-4F55-81CE-2A77867F5DA5}.Debug4ClientLocalizeCJIKor|x64.Build.0 = Debug|x64
		{7752DF80-46EF-4F55-81CE-2A77867F5DA5}.Debug4ClientLocalizeDev|Win32.ActiveCfg = Debug|x64
		{7752DF80-46EF-4F55-81CE-2A77867F5DA5}.Debug4ClientLocalizeDev|x64.ActiveCfg = Debug|x64
		{7752DF80-46EF-4F55-81CE-2A77867F5DA5}.Debug4ClientLocalizeDev|x64.Build.0 = Debug|x64
		{7752DF80-46EF-4F55-81CE-2A77867F5DA5}.FinalDebug|Win32.ActiveCfg = Debug|Win32
		{7752DF80-46EF-4F55-81CE-2A77867F5DA5}.FinalDebug|Win32.Build.0 = Debug|Win32
		{7752DF80-46EF-4F55-81CE-2A77867F5DA5}.FinalDebug|x64.ActiveCfg = Debug|x64
		{7752DF80-46EF-4F55-81CE-2A77867F5DA5}.FinalDebug|x64.Build.0 = Debug|x64
		{7752DF80-46EF-4F55-81CE-2A77867F5DA5}.FinalRelease|Win32.ActiveCfg = Release|Win32
		{7752DF80-46EF-4F55-81CE-2A77867F5DA5}.FinalRelease|Win32.Build.0 = Release|Win32
		{7752DF80-46EF-4F55-81CE-2A77867F5DA5}.FinalRelease|x64.ActiveCfg = Release|x64
		{7752DF80-46EF-4F55-81CE-2A77867F5DA5}.FinalRelease|x64.Build.0 = Release|x64
		{7752DF80-46EF-4F55-81CE-2A77867F5DA5}.Release|Win32.ActiveCfg = Release|Win32
		{7752DF80-46EF-4F55-81CE-2A77867F5DA5}.Release|Win32.Build.0 = Release|Win32
		{7752DF80-46EF-4F55-81CE-2A77867F5DA5}.Release|x64.ActiveCfg = Release|x64
		{7752DF80-46EF-4F55-81CE-2A77867F5DA5}.Release|x64.Build.0 = Release|x64
		{7752DF80-46EF-4F55-81CE-2A77867F5DA5}.Release4Client|Win32.ActiveCfg = Release|x64
		{7752DF80-46EF-4F55-81CE-2A77867F5DA5}.Release4Client|x64.ActiveCfg = Release|x64
		{7752DF80-46EF-4F55-81CE-2A77867F5DA5}.Release4Client|x64.Build.0 = Release|x64
		{7752DF80-46EF-4F55-81CE-2A77867F5DA5}.Release4ClientLocalizeCJIKor|Win32.ActiveCfg = Release|x64
		{7752DF80-46EF-4F55-81CE-2A77867F5DA5}.Release4ClientLocalizeCJIKor|x64.ActiveCfg = Release|x64
		{7752DF80-46EF-4F55-81CE-2A77867F5DA5}.Release4ClientLocalizeCJIKor|x64.Build.0 = Release|x64
		{7752DF80-46EF-4F55-81CE-2A77867F5DA5}.Release4ClientLocalizeDev|Win32.ActiveCfg = Release|x64
		{7752DF80-46EF-4F55-81CE-2A77867F5DA5}.Release4ClientLocalizeDev|x64.ActiveCfg = Release|x64
		{7752DF80-46EF-4F55-81CE-2A77867F5DA5}.Release4ClientLocalizeDev|x64.Build.0 = Release|x64
	EndGlobalSection
	GlobalSection(SolutionProperties) = preSolution
		HideSolutionNode = FALSE
	EndGlobalSection
EndGlobal
