<?xml version="1.0" encoding="utf-8"?>
<Project ToolsVersion="4.0" xmlns="http://schemas.microsoft.com/developer/msbuild/2003">
  <ItemGroup>
    <Filter Include="Source Files">
      <UniqueIdentifier>{fb89419c-5cd0-4aa5-aee5-6ebec03093ab}</UniqueIdentifier>
    </Filter>
    <Filter Include="Header Files">
      <UniqueIdentifier>{2a49a086-eeb4-41da-8137-5b8ed9aeac53}</UniqueIdentifier>
    </Filter>
  </ItemGroup>
  <ItemGroup>
    <ClCompile Include="GameServer.cpp">
      <Filter>Source Files</Filter>
    </ClCompile>
    <ClCompile Include="main.cpp">
      <Filter>Source Files</Filter>
    </ClCompile>
    <ClCompile Include="NtlPacketGU.cpp">
      <Filter>Source Files</Filter>
    </ClCompile>
    <ClCompile Include="NtlPacketUG.cpp">
      <Filter>Source Files</Filter>
    </ClCompile>
    <ClCompile Include="stdafx.cpp">
      <Filter>Source Files</Filter>
    </ClCompile>
    <ClCompile Include="GsFunctions.cpp">
      <Filter>Source Files</Filter>
    </ClCompile>
    <ClCompile Include="PacketGameServer.cpp">
      <Filter>Source Files</Filter>
    </ClCompile>
    <ClCompile Include="MobActivity.cpp">
      <Filter>Source Files</Filter>
    </ClCompile>
    <ClCompile Include="PlayerInfos.cpp">
      <Filter>Source Files</Filter>
    </ClCompile>
    <ClCompile Include="QueryClass.cpp">
      <Filter>Source Files</Filter>
    </ClCompile>
    <ClCompile Include="PlayerParty.cpp">
      <Filter>Source Files</Filter>
    </ClCompile>
  </ItemGroup>
  <ItemGroup>
    <ClInclude Include="main.h">
      <Filter>Header Files</Filter>
    </ClInclude>
    <ClInclude Include="NtlPacketGU.h">
      <Filter>Header Files</Filter>
    </ClInclude>
    <ClInclude Include="NtlPacketUG.h">
      <Filter>Header Files</Filter>
    </ClInclude>
    <ClInclude Include="stdafx.h">
      <Filter>Header Files</Filter>
    </ClInclude>
    <ClInclude Include="GameServer.h">
      <Filter>Header Files</Filter>
    </ClInclude>
    <ClInclude Include="GsFunctions.h">
      <Filter>Header Files</Filter>
    </ClInclude>
    <ClInclude Include="PacketGameServer.h">
      <Filter>Header Files</Filter>
    </ClInclude>
    <ClInclude Include="PlayerInfos.h">
      <Filter>Header Files</Filter>
    </ClInclude>
    <ClInclude Include="MobActivity.h">
      <Filter>Header Files</Filter>
    </ClInclude>
    <ClInclude Include="QueryClass.h">
      <Filter>Header Files</Filter>
    </ClInclude>
    <ClInclude Include="PlayerParty.h">
      <Filter>Header Files</Filter>
    </ClInclude>
  </ItemGroup>
</Project>